{
    "_meta": {
        "hash": {
            "sha256": "8ceead135ee6991bd49b68802a159c7b7d7cfe2f2218d7a71d7a5d55b1d4cd6e"
        },
        "pipfile-spec": 6,
        "requires": {
            "python_version": "3.12"
        },
        "sources": [
            {
                "name": "pypi",
                "url": "https://pypi.org/simple",
                "verify_ssl": true
            }
        ]
    },
    "default": {
        "pyperclip": {
            "hashes": [
                "sha256:b7de0142ddc81bfc5c7507eea19da920b92252b548b96186caf94a5e2527d310"
            ],
            "index": "pypi",
            "version": "==1.9.0"
        }
    },
    "develop": {}
}
